
Microsoft Visual Studio Solution File, Format Version 12.00
# Visual Studio Version 17
VisualStudioVersion = 17.6.33815.320
MinimumVisualStudioVersion = 10.0.40219.1
Project("{FAE04EC0-301F-11D3-BF4B-00C04F79EFBC}") = "VLCTest", "VLCTest\VLCTest.csproj", "{04E7FA32-8CB2-4594-BDD2-D1F57B05C38D}"
EndProject
Project("{9A19103F-16F7-4668-BE54-9A1E7A4F7556}") = "VlcClient", "VlcClient\VlcClient.csproj", "{52BA4506-A70B-4222-9397-D64A37A2E244}"
EndProject
Global
	GlobalSection(SolutionConfigurationPlatforms) = preSolution
		Debug|Any CPU = Debug|Any CPU
		Release|Any CPU = Release|Any CPU
	EndGlobalSection
	GlobalSection(ProjectConfigurationPlatforms) = postSolution
		{04E7FA32-8CB2-4594-BDD2-D1F57B05C38D}.Debug|Any CPU.ActiveCfg = Debug|Any CPU
		{04E7FA32-8CB2-4594-BDD2-D1F57B05C38D}.Debug|Any CPU.Build.0 = Debug|Any CPU
		{04E7FA32-8CB2-4594-BDD2-D1F57B05C38D}.Release|Any CPU.ActiveCfg = Release|Any CPU
		{04E7FA32-8CB2-4594-BDD2-D1F57B05C38D}.Release|Any CPU.Build.0 = Release|Any CPU
		{52BA4506-A70B-4222-9397-D64A37A2E244}.Debug|Any CPU.ActiveCfg = Debug|Any CPU
		{52BA4506-A70B-4222-9397-D64A37A2E244}.Debug|Any CPU.Build.0 = Debug|Any CPU
		{52BA4506-A70B-4222-9397-D64A37A2E244}.Release|Any CPU.ActiveCfg = Release|Any CPU
		{52BA4506-A70B-4222-9397-D64A37A2E244}.Release|Any CPU.Build.0 = Release|Any CPU
	EndGlobalSection
	GlobalSection(SolutionProperties) = preSolution
		HideSolutionNode = FALSE
	EndGlobalSection
	GlobalSection(ExtensibilityGlobals) = postSolution
		SolutionGuid = {3B4D6206-9F6E-4EAA-A485-D7B9AF15F3C2}
	EndGlobalSection
EndGlobal
